
Microsoft Visual Studio Solution File, Format Version 12.00
# Visual Studio Version 17
VisualStudioVersion = 17.0.31903.59
MinimumVisualStudioVersion = 10.0.40219.1
Project("{2150E333-8FDC-42A3-9474-1A3956D46DE8}") = "src", "src", "{F0687CB8-95E1-4372-9444-70676DE3A34A}"
EndProject
Project("{9A19103F-16F7-4668-BE54-9A1E7A4F7556}") = "Grafana.OpenTelemetry", "src\Grafana.OpenTelemetry\Grafana.OpenTelemetry.csproj", "{B4761520-2B6F-4605-BC3B-66710F7439EA}"
EndProject
Project("{9A19103F-16F7-4668-BE54-9A1E7A4F7556}") = "Grafana.OpenTelemetry.Base", "src\Grafana.OpenTelemetry.Base\Grafana.OpenTelemetry.Base.csproj", "{8CA452C6-61DA-49A9-8AA7-909D48E7ACF0}"
EndProject
Project("{2150E333-8FDC-42A3-9474-1A3956D46DE8}") = "tests", "tests", "{FB0399BE-6925-42B7-8431-C5A6E21DC8EC}"
EndProject
Project("{9A19103F-16F7-4668-BE54-9A1E7A4F7556}") = "Grafana.OpenTelemetry.Tests", "tests\Grafana.OpenTelemetry.Tests\Grafana.OpenTelemetry.Tests.csproj", "{30810D69-3237-4260-93C2-DC601C5AC80F}"
EndProject
Project("{2150E333-8FDC-42A3-9474-1A3956D46DE8}") = "examples", "examples", "{2DC924CF-282A-446D-B94B-D2931E5C6130}"
EndProject
Project("{E53339B2-1760-4266-BCC7-CA923CBCF16C}") = "docker-compose-aspnetcore", "docker\docker-compose-aspnetcore\docker-compose-aspnetcore.dcproj", "{A4C41298-ED4F-4A4C-9B18-014986186C71}"
EndProject
Project("{2150E333-8FDC-42A3-9474-1A3956D46DE8}") = "docker", "docker", "{E63943FA-D9F6-4DC4-91EE-D0BD0BF8E324}"
EndProject
Project("{2150E333-8FDC-42A3-9474-1A3956D46DE8}") = "net8.0", "net8.0", "{74BA358B-6EDB-463F-8AB2-313FAA4DE564}"
EndProject
Project("{9A19103F-16F7-4668-BE54-9A1E7A4F7556}") = "aspnetcore", "examples\net8.0\aspnetcore\aspnetcore.csproj", "{BD1FB154-C711-4E37-947D-063F5DC4BF9E}"
EndProject
Global
	GlobalSection(SolutionConfigurationPlatforms) = preSolution
		Debug|Any CPU = Debug|Any CPU
		Release|Any CPU = Release|Any CPU
	EndGlobalSection
	GlobalSection(ProjectConfigurationPlatforms) = postSolution
		{B4761520-2B6F-4605-BC3B-66710F7439EA}.Debug|Any CPU.ActiveCfg = Debug|Any CPU
		{B4761520-2B6F-4605-BC3B-66710F7439EA}.Debug|Any CPU.Build.0 = Debug|Any CPU
		{B4761520-2B6F-4605-BC3B-66710F7439EA}.Release|Any CPU.ActiveCfg = Release|Any CPU
		{B4761520-2B6F-4605-BC3B-66710F7439EA}.Release|Any CPU.Build.0 = Release|Any CPU
		{8CA452C6-61DA-49A9-8AA7-909D48E7ACF0}.Debug|Any CPU.ActiveCfg = Debug|Any CPU
		{8CA452C6-61DA-49A9-8AA7-909D48E7ACF0}.Debug|Any CPU.Build.0 = Debug|Any CPU
		{8CA452C6-61DA-49A9-8AA7-909D48E7ACF0}.Release|Any CPU.ActiveCfg = Release|Any CPU
		{8CA452C6-61DA-49A9-8AA7-909D48E7ACF0}.Release|Any CPU.Build.0 = Release|Any CPU
		{30810D69-3237-4260-93C2-DC601C5AC80F}.Debug|Any CPU.ActiveCfg = Debug|Any CPU
		{30810D69-3237-4260-93C2-DC601C5AC80F}.Debug|Any CPU.Build.0 = Debug|Any CPU
		{30810D69-3237-4260-93C2-DC601C5AC80F}.Release|Any CPU.ActiveCfg = Release|Any CPU
		{30810D69-3237-4260-93C2-DC601C5AC80F}.Release|Any CPU.Build.0 = Release|Any CPU
		{A4C41298-ED4F-4A4C-9B18-014986186C71}.Debug|Any CPU.ActiveCfg = Debug|Any CPU
		{A4C41298-ED4F-4A4C-9B18-014986186C71}.Debug|Any CPU.Build.0 = Debug|Any CPU
		{A4C41298-ED4F-4A4C-9B18-014986186C71}.Release|Any CPU.ActiveCfg = Release|Any CPU
		{A4C41298-ED4F-4A4C-9B18-014986186C71}.Release|Any CPU.Build.0 = Release|Any CPU
		{BD1FB154-C711-4E37-947D-063F5DC4BF9E}.Debug|Any CPU.ActiveCfg = Debug|Any CPU
		{BD1FB154-C711-4E37-947D-063F5DC4BF9E}.Debug|Any CPU.Build.0 = Debug|Any CPU
		{BD1FB154-C711-4E37-947D-063F5DC4BF9E}.Release|Any CPU.ActiveCfg = Release|Any CPU
		{BD1FB154-C711-4E37-947D-063F5DC4BF9E}.Release|Any CPU.Build.0 = Release|Any CPU
	EndGlobalSection
	GlobalSection(SolutionProperties) = preSolution
		HideSolutionNode = FALSE
	EndGlobalSection
	GlobalSection(NestedProjects) = preSolution
		{B4761520-2B6F-4605-BC3B-66710F7439EA} = {F0687CB8-95E1-4372-9444-70676DE3A34A}
		{8CA452C6-61DA-49A9-8AA7-909D48E7ACF0} = {F0687CB8-95E1-4372-9444-70676DE3A34A}
		{30810D69-3237-4260-93C2-DC601C5AC80F} = {FB0399BE-6925-42B7-8431-C5A6E21DC8EC}
		{A4C41298-ED4F-4A4C-9B18-014986186C71} = {E63943FA-D9F6-4DC4-91EE-D0BD0BF8E324}
		{74BA358B-6EDB-463F-8AB2-313FAA4DE564} = {2DC924CF-282A-446D-B94B-D2931E5C6130}
		{BD1FB154-C711-4E37-947D-063F5DC4BF9E} = {74BA358B-6EDB-463F-8AB2-313FAA4DE564}
	EndGlobalSection
EndGlobal
