
Microsoft Visual Studio Solution File, Format Version 12.00
# Visual Studio Version 17
VisualStudioVersion = 17.0.31903.59
MinimumVisualStudioVersion = 10.0.40219.1
Project("{2150E333-8FDC-42A3-9474-1A3956D46DE8}") = "src", "src", "{F0687CB8-95E1-4372-9444-70676DE3A34A}"
EndProject
Project("{9A19103F-16F7-4668-BE54-9A1E7A4F7556}") = "Grafana.OpenTelemetry", "src\Grafana.OpenTelemetry\Grafana.OpenTelemetry.csproj", "{B4761520-2B6F-4605-BC3B-66710F7439EA}"
EndProject
Project("{9A19103F-16F7-4668-BE54-9A1E7A4F7556}") = "Grafana.OpenTelemetry.Base", "src\Grafana.OpenTelemetry.Base\Grafana.OpenTelemetry.Base.csproj", "{8CA452C6-61DA-49A9-8AA7-909D48E7ACF0}"
EndProject
Project("{2150E333-8FDC-42A3-9474-1A3956D46DE8}") = "tests", "tests", "{FB0399BE-6925-42B7-8431-C5A6E21DC8EC}"
EndProject
Project("{9A19103F-16F7-4668-BE54-9A1E7A4F7556}") = "Grafana.OpenTelemetry.Tests", "tests\Grafana.OpenTelemetry.Tests\Grafana.OpenTelemetry.Tests.csproj", "{30810D69-3237-4260-93C2-DC601C5AC80F}"
EndProject
Project("{2150E333-8FDC-42A3-9474-1A3956D46DE8}") = "examples", "examples", "{2DC924CF-282A-446D-B94B-D2931E5C6130}"
EndProject
Project("{2150E333-8FDC-42A3-9474-1A3956D46DE8}") = "net6.0", "net6.0", "{A9FD1876-1DC6-49A8-9E81-A8DD3BBD03F9}"
EndProject
Project("{9A19103F-16F7-4668-BE54-9A1E7A4F7556}") = "aspnetcore", "examples\net6.0\aspnetcore\aspnetcore.csproj", "{13045789-1D27-4694-BE88-B20534DD28EC}"
EndProject
Project("{E53339B2-1760-4266-BCC7-CA923CBCF16C}") = "docker-compose-aspnetcore", "docker\docker-compose-aspnetcore\docker-compose-aspnetcore.dcproj", "{A4C41298-ED4F-4A4C-9B18-014986186C71}"
EndProject
Project("{2150E333-8FDC-42A3-9474-1A3956D46DE8}") = "docker", "docker", "{E63943FA-D9F6-4DC4-91EE-D0BD0BF8E324}"
EndProject
Project("{FAE04EC0-301F-11D3-BF4B-00C04F79EFBC}") = "AspNetExample", "examples\netfx\aspnet\AspNetExample.csproj", "{C42CCD8A-445B-40D6-A16B-30F95C5B7649}"
EndProject
Project("{2150E333-8FDC-42A3-9474-1A3956D46DE8}") = "netfx", "netfx", "{BB5111D2-BF2D-4A54-8E75-18AAE5301F8F}"
EndProject
Project("{E53339B2-1760-4266-BCC7-CA923CBCF16C}") = "docker-compose-aspnet", "docker\docker-compose-aspnet\docker-compose-aspnet.dcproj", "{B2801243-9F5F-490E-B6CF-04F88EBA1FC7}"
EndProject
Global
	GlobalSection(SolutionConfigurationPlatforms) = preSolution
		Debug|Any CPU = Debug|Any CPU
		Release|Any CPU = Release|Any CPU
	EndGlobalSection
	GlobalSection(ProjectConfigurationPlatforms) = postSolution
		{B4761520-2B6F-4605-BC3B-66710F7439EA}.Debug|Any CPU.ActiveCfg = Debug|Any CPU
		{B4761520-2B6F-4605-BC3B-66710F7439EA}.Debug|Any CPU.Build.0 = Debug|Any CPU
		{B4761520-2B6F-4605-BC3B-66710F7439EA}.Release|Any CPU.ActiveCfg = Release|Any CPU
		{B4761520-2B6F-4605-BC3B-66710F7439EA}.Release|Any CPU.Build.0 = Release|Any CPU
		{8CA452C6-61DA-49A9-8AA7-909D48E7ACF0}.Debug|Any CPU.ActiveCfg = Debug|Any CPU
		{8CA452C6-61DA-49A9-8AA7-909D48E7ACF0}.Debug|Any CPU.Build.0 = Debug|Any CPU
		{8CA452C6-61DA-49A9-8AA7-909D48E7ACF0}.Release|Any CPU.ActiveCfg = Release|Any CPU
		{8CA452C6-61DA-49A9-8AA7-909D48E7ACF0}.Release|Any CPU.Build.0 = Release|Any CPU
		{30810D69-3237-4260-93C2-DC601C5AC80F}.Debug|Any CPU.ActiveCfg = Debug|Any CPU
		{30810D69-3237-4260-93C2-DC601C5AC80F}.Debug|Any CPU.Build.0 = Debug|Any CPU
		{30810D69-3237-4260-93C2-DC601C5AC80F}.Release|Any CPU.ActiveCfg = Release|Any CPU
		{30810D69-3237-4260-93C2-DC601C5AC80F}.Release|Any CPU.Build.0 = Release|Any CPU
		{13045789-1D27-4694-BE88-B20534DD28EC}.Debug|Any CPU.ActiveCfg = Debug|Any CPU
		{13045789-1D27-4694-BE88-B20534DD28EC}.Debug|Any CPU.Build.0 = Debug|Any CPU
		{13045789-1D27-4694-BE88-B20534DD28EC}.Release|Any CPU.ActiveCfg = Release|Any CPU
		{13045789-1D27-4694-BE88-B20534DD28EC}.Release|Any CPU.Build.0 = Release|Any CPU
		{A4C41298-ED4F-4A4C-9B18-014986186C71}.Debug|Any CPU.ActiveCfg = Debug|Any CPU
		{A4C41298-ED4F-4A4C-9B18-014986186C71}.Debug|Any CPU.Build.0 = Debug|Any CPU
		{A4C41298-ED4F-4A4C-9B18-014986186C71}.Release|Any CPU.ActiveCfg = Release|Any CPU
		{A4C41298-ED4F-4A4C-9B18-014986186C71}.Release|Any CPU.Build.0 = Release|Any CPU
		{C42CCD8A-445B-40D6-A16B-30F95C5B7649}.Debug|Any CPU.ActiveCfg = Debug|Any CPU
		{C42CCD8A-445B-40D6-A16B-30F95C5B7649}.Debug|Any CPU.Build.0 = Debug|Any CPU
		{C42CCD8A-445B-40D6-A16B-30F95C5B7649}.Release|Any CPU.ActiveCfg = Release|Any CPU
		{C42CCD8A-445B-40D6-A16B-30F95C5B7649}.Release|Any CPU.Build.0 = Release|Any CPU
		{B2801243-9F5F-490E-B6CF-04F88EBA1FC7}.Debug|Any CPU.ActiveCfg = Debug|Any CPU
		{B2801243-9F5F-490E-B6CF-04F88EBA1FC7}.Debug|Any CPU.Build.0 = Debug|Any CPU
		{B2801243-9F5F-490E-B6CF-04F88EBA1FC7}.Release|Any CPU.ActiveCfg = Release|Any CPU
		{B2801243-9F5F-490E-B6CF-04F88EBA1FC7}.Release|Any CPU.Build.0 = Release|Any CPU
	EndGlobalSection
	GlobalSection(SolutionProperties) = preSolution
		HideSolutionNode = FALSE
	EndGlobalSection
	GlobalSection(NestedProjects) = preSolution
		{B4761520-2B6F-4605-BC3B-66710F7439EA} = {F0687CB8-95E1-4372-9444-70676DE3A34A}
		{8CA452C6-61DA-49A9-8AA7-909D48E7ACF0} = {F0687CB8-95E1-4372-9444-70676DE3A34A}
		{30810D69-3237-4260-93C2-DC601C5AC80F} = {FB0399BE-6925-42B7-8431-C5A6E21DC8EC}
		{A9FD1876-1DC6-49A8-9E81-A8DD3BBD03F9} = {2DC924CF-282A-446D-B94B-D2931E5C6130}
		{13045789-1D27-4694-BE88-B20534DD28EC} = {A9FD1876-1DC6-49A8-9E81-A8DD3BBD03F9}
		{A4C41298-ED4F-4A4C-9B18-014986186C71} = {E63943FA-D9F6-4DC4-91EE-D0BD0BF8E324}
		{C42CCD8A-445B-40D6-A16B-30F95C5B7649} = {BB5111D2-BF2D-4A54-8E75-18AAE5301F8F}
		{BB5111D2-BF2D-4A54-8E75-18AAE5301F8F} = {2DC924CF-282A-446D-B94B-D2931E5C6130}
		{B2801243-9F5F-490E-B6CF-04F88EBA1FC7} = {E63943FA-D9F6-4DC4-91EE-D0BD0BF8E324}
	EndGlobalSection
	GlobalSection(ExtensibilityGlobals) = postSolution
		SolutionGuid = {2CC9E330-5361-4196-A429-C12DAA071232}
	EndGlobalSection
EndGlobal
